
Microsoft Visual Studio Solution File, Format Version 12.00
# Visual Studio Version 17
VisualStudioVersion = 17.14.36429.23 d17.14
MinimumVisualStudioVersion = 10.0.40219.1
Project("{FAE04EC0-301F-11D3-BF4B-00C04F79EFBC}") = "DriveAway", "DriveAway\DriveAway.csproj", "{A60C4F82-181D-40AE-BE04-A0A1B472BFAD}"
EndProject
Global
	GlobalSection(SolutionConfigurationPlatforms) = preSolution
		Debug|Any CPU = Debug|Any CPU
		Release|Any CPU = Release|Any CPU
	EndGlobalSection
	GlobalSection(ProjectConfigurationPlatforms) = postSolution
		{A60C4F82-181D-40AE-BE04-A0A1B472BFAD}.Debug|Any CPU.ActiveCfg = Debug|Any CPU
		{A60C4F82-181D-40AE-BE04-A0A1B472BFAD}.Debug|Any CPU.Build.0 = Debug|Any CPU
		{A60C4F82-181D-40AE-BE04-A0A1B472BFAD}.Release|Any CPU.ActiveCfg = Release|Any CPU
		{A60C4F82-181D-40AE-BE04-A0A1B472BFAD}.Release|Any CPU.Build.0 = Release|Any CPU
	EndGlobalSection
	GlobalSection(SolutionProperties) = preSolution
		HideSolutionNode = FALSE
	EndGlobalSection
	GlobalSection(ExtensibilityGlobals) = postSolution
		SolutionGuid = {115C2E48-BD2C-4F0F-A43B-2AF01A6391B3}
	EndGlobalSection
EndGlobal
